// !$*UTF8*$!
{
	archiveVersion = 1;
	classes = {
	};
	objectVersion = 56;
	objects = {

/* Begin PBXBuildFile section */
		5752F1D92934E14600795481 /* DexMonRow.swift in Sources */ = {isa = PBXBuildFile; fileRef = 5752F1D82934E14600795481 /* DexMonRow.swift */; };
		5752F1DB2934E6B900795481 /* DexView.swift in Sources */ = {isa = PBXBuildFile; fileRef = 5752F1DA2934E6B900795481 /* DexView.swift */; };
		577EE4F42933DF1600BCB8C4 /* Ultima_TestApp.swift in Sources */ = {isa = PBXBuildFile; fileRef = 577EE4F32933DF1600BCB8C4 /* Ultima_TestApp.swift */; };
		577EE4F62933DF1600BCB8C4 /* ContentView.swift in Sources */ = {isa = PBXBuildFile; fileRef = 577EE4F52933DF1600BCB8C4 /* ContentView.swift */; };
		577EE4F82933DF1800BCB8C4 /* Assets.xcassets in Resources */ = {isa = PBXBuildFile; fileRef = 577EE4F72933DF1800BCB8C4 /* Assets.xcassets */; };
		577EE4FB2933DF1800BCB8C4 /* Preview Assets.xcassets in Resources */ = {isa = PBXBuildFile; fileRef = 577EE4FA2933DF1800BCB8C4 /* Preview Assets.xcassets */; };
		577EE4FD2933DF1800BCB8C4 /* Persistence.swift in Sources */ = {isa = PBXBuildFile; fileRef = 577EE4FC2933DF1800BCB8C4 /* Persistence.swift */; };
		577EE5002933DF1800BCB8C4 /* Ultima_Test.xcdatamodeld in Sources */ = {isa = PBXBuildFile; fileRef = 577EE4FE2933DF1800BCB8C4 /* Ultima_Test.xcdatamodeld */; };
		577EE5072933E0EC00BCB8C4 /* HomeScreen.swift in Sources */ = {isa = PBXBuildFile; fileRef = 577EE5062933E0EC00BCB8C4 /* HomeScreen.swift */; };
		577EE50B2933E52800BCB8C4 /* DexSelectorButton.swift in Sources */ = {isa = PBXBuildFile; fileRef = 577EE50A2933E52800BCB8C4 /* DexSelectorButton.swift */; };
		577EE50E2933EB8C00BCB8C4 /* DexSelector.swift in Sources */ = {isa = PBXBuildFile; fileRef = 577EE50D2933EB8C00BCB8C4 /* DexSelector.swift */; };
		577EE5122933F5AA00BCB8C4 /* MonDetail.swift in Sources */ = {isa = PBXBuildFile; fileRef = 577EE5112933F5AA00BCB8C4 /* MonDetail.swift */; };
		577EE5142933F68000BCB8C4 /* MonImage.swift in Sources */ = {isa = PBXBuildFile; fileRef = 577EE5132933F68000BCB8C4 /* MonImage.swift */; };
		577EE5182933FE0600BCB8C4 /* MonPartyImage.swift in Sources */ = {isa = PBXBuildFile; fileRef = 577EE5172933FE0600BCB8C4 /* MonPartyImage.swift */; };
		577EE51C29340A1900BCB8C4 /* MonEvolution3.swift in Sources */ = {isa = PBXBuildFile; fileRef = 577EE51B29340A1900BCB8C4 /* MonEvolution3.swift */; };
		577EE51E29340A3700BCB8C4 /* MonEvolution2.swift in Sources */ = {isa = PBXBuildFile; fileRef = 577EE51D29340A3700BCB8C4 /* MonEvolution2.swift */; };
		577EE52029340F7500BCB8C4 /* IVCharts.swift in Sources */ = {isa = PBXBuildFile; fileRef = 577EE51F29340F7500BCB8C4 /* IVCharts.swift */; };
/* End PBXBuildFile section */

/* Begin PBXFileReference section */
		5752F1D82934E14600795481 /* DexMonRow.swift */ = {isa = PBXFileReference; lastKnownFileType = sourcecode.swift; path = DexMonRow.swift; sourceTree = "<group>"; };
		5752F1DA2934E6B900795481 /* DexView.swift */ = {isa = PBXFileReference; lastKnownFileType = sourcecode.swift; path = DexView.swift; sourceTree = "<group>"; };
		577EE4F02933DF1600BCB8C4 /* Ultima_Test.app */ = {isa = PBXFileReference; explicitFileType = wrapper.application; includeInIndex = 0; path = Ultima_Test.app; sourceTree = BUILT_PRODUCTS_DIR; };
		577EE4F32933DF1600BCB8C4 /* Ultima_TestApp.swift */ = {isa = PBXFileReference; lastKnownFileType = sourcecode.swift; path = Ultima_TestApp.swift; sourceTree = "<group>"; };
		577EE4F52933DF1600BCB8C4 /* ContentView.swift */ = {isa = PBXFileReference; lastKnownFileType = sourcecode.swift; path = ContentView.swift; sourceTree = "<group>"; };
		577EE4F72933DF1800BCB8C4 /* Assets.xcassets */ = {isa = PBXFileReference; lastKnownFileType = folder.assetcatalog; path = Assets.xcassets; sourceTree = "<group>"; };
		577EE4FA2933DF1800BCB8C4 /* Preview Assets.xcassets */ = {isa = PBXFileReference; lastKnownFileType = folder.assetcatalog; path = "Preview Assets.xcassets"; sourceTree = "<group>"; };
		577EE4FC2933DF1800BCB8C4 /* Persistence.swift */ = {isa = PBXFileReference; lastKnownFileType = sourcecode.swift; path = Persistence.swift; sourceTree = "<group>"; };
		577EE4FF2933DF1800BCB8C4 /* Ultima_Test.xcdatamodel */ = {isa = PBXFileReference; lastKnownFileType = wrapper.xcdatamodel; path = Ultima_Test.xcdatamodel; sourceTree = "<group>"; };
		577EE5062933E0EC00BCB8C4 /* HomeScreen.swift */ = {isa = PBXFileReference; lastKnownFileType = sourcecode.swift; path = HomeScreen.swift; sourceTree = "<group>"; };
		577EE50A2933E52800BCB8C4 /* DexSelectorButton.swift */ = {isa = PBXFileReference; lastKnownFileType = sourcecode.swift; path = DexSelectorButton.swift; sourceTree = "<group>"; };
		577EE50D2933EB8C00BCB8C4 /* DexSelector.swift */ = {isa = PBXFileReference; lastKnownFileType = sourcecode.swift; path = DexSelector.swift; sourceTree = "<group>"; };
		577EE5112933F5AA00BCB8C4 /* MonDetail.swift */ = {isa = PBXFileReference; lastKnownFileType = sourcecode.swift; path = MonDetail.swift; sourceTree = "<group>"; };
		577EE5132933F68000BCB8C4 /* MonImage.swift */ = {isa = PBXFileReference; lastKnownFileType = sourcecode.swift; path = MonImage.swift; sourceTree = "<group>"; };
		577EE5172933FE0600BCB8C4 /* MonPartyImage.swift */ = {isa = PBXFileReference; lastKnownFileType = sourcecode.swift; path = MonPartyImage.swift; sourceTree = "<group>"; };
		577EE51B29340A1900BCB8C4 /* MonEvolution3.swift */ = {isa = PBXFileReference; lastKnownFileType = sourcecode.swift; path = MonEvolution3.swift; sourceTree = "<group>"; };
		577EE51D29340A3700BCB8C4 /* MonEvolution2.swift */ = {isa = PBXFileReference; lastKnownFileType = sourcecode.swift; path = MonEvolution2.swift; sourceTree = "<group>"; };
		577EE51F29340F7500BCB8C4 /* IVCharts.swift */ = {isa = PBXFileReference; lastKnownFileType = sourcecode.swift; path = IVCharts.swift; sourceTree = "<group>"; };
/* End PBXFileReference section */

/* Begin PBXFrameworksBuildPhase section */
		577EE4ED2933DF1600BCB8C4 /* Frameworks */ = {
			isa = PBXFrameworksBuildPhase;
			buildActionMask = 2147483647;
			files = (
			);
			runOnlyForDeploymentPostprocessing = 0;
		};
/* End PBXFrameworksBuildPhase section */

/* Begin PBXGroup section */
		577EE4E72933DF1600BCB8C4 = {
			isa = PBXGroup;
			children = (
				577EE4F22933DF1600BCB8C4 /* Ultima_Test */,
				577EE4F12933DF1600BCB8C4 /* Products */,
			);
			sourceTree = "<group>";
		};
		577EE4F12933DF1600BCB8C4 /* Products */ = {
			isa = PBXGroup;
			children = (
				577EE4F02933DF1600BCB8C4 /* Ultima_Test.app */,
			);
			name = Products;
			sourceTree = "<group>";
		};
		577EE4F22933DF1600BCB8C4 /* Ultima_Test */ = {
			isa = PBXGroup;
			children = (
				577EE5102933EEE000BCB8C4 /* Components */,
				577EE50F2933EED600BCB8C4 /* Data Models */,
				577EE5082933E4DA00BCB8C4 /* Views */,
				577EE4F32933DF1600BCB8C4 /* Ultima_TestApp.swift */,
				577EE4F52933DF1600BCB8C4 /* ContentView.swift */,
				577EE4F72933DF1800BCB8C4 /* Assets.xcassets */,
				577EE4FC2933DF1800BCB8C4 /* Persistence.swift */,
				577EE4FE2933DF1800BCB8C4 /* Ultima_Test.xcdatamodeld */,
				577EE4F92933DF1800BCB8C4 /* Preview Content */,
				577EE5062933E0EC00BCB8C4 /* HomeScreen.swift */,
			);
			path = Ultima_Test;
			sourceTree = "<group>";
		};
		577EE4F92933DF1800BCB8C4 /* Preview Content */ = {
			isa = PBXGroup;
			children = (
				577EE4FA2933DF1800BCB8C4 /* Preview Assets.xcassets */,
			);
			path = "Preview Content";
			sourceTree = "<group>";
		};
		577EE5082933E4DA00BCB8C4 /* Views */ = {
			isa = PBXGroup;
			children = (
				577EE5092933E4FC00BCB8C4 /* Detail Views */,
			);
			path = Views;
			sourceTree = "<group>";
		};
		577EE5092933E4FC00BCB8C4 /* Detail Views */ = {
			isa = PBXGroup;
			children = (
				577EE50A2933E52800BCB8C4 /* DexSelectorButton.swift */,
				577EE50D2933EB8C00BCB8C4 /* DexSelector.swift */,
				577EE5112933F5AA00BCB8C4 /* MonDetail.swift */,
				577EE5132933F68000BCB8C4 /* MonImage.swift */,
				577EE5172933FE0600BCB8C4 /* MonPartyImage.swift */,
				577EE51B29340A1900BCB8C4 /* MonEvolution3.swift */,
				577EE51D29340A3700BCB8C4 /* MonEvolution2.swift */,
				577EE51F29340F7500BCB8C4 /* IVCharts.swift */,
				5752F1D82934E14600795481 /* DexMonRow.swift */,
				5752F1DA2934E6B900795481 /* DexView.swift */,
			);
			path = "Detail Views";
			sourceTree = "<group>";
		};
		577EE50F2933EED600BCB8C4 /* Data Models */ = {
			isa = PBXGroup;
			children = (
			);
			path = "Data Models";
			sourceTree = "<group>";
		};
		577EE5102933EEE000BCB8C4 /* Components */ = {
			isa = PBXGroup;
			children = (
			);
			path = Components;
			sourceTree = "<group>";
		};
/* End PBXGroup section */

/* Begin PBXNativeTarget section */
		577EE4EF2933DF1600BCB8C4 /* Ultima_Test */ = {
			isa = PBXNativeTarget;
			buildConfigurationList = 577EE5032933DF1800BCB8C4 /* Build configuration list for PBXNativeTarget "Ultima_Test" */;
			buildPhases = (
				577EE4EC2933DF1600BCB8C4 /* Sources */,
				577EE4ED2933DF1600BCB8C4 /* Frameworks */,
				577EE4EE2933DF1600BCB8C4 /* Resources */,
			);
			buildRules = (
			);
			dependencies = (
			);
			name = Ultima_Test;
			productName = Ultima_Test;
			productReference = 577EE4F02933DF1600BCB8C4 /* Ultima_Test.app */;
			productType = "com.apple.product-type.application";
		};
/* End PBXNativeTarget section */

/* Begin PBXProject section */
		577EE4E82933DF1600BCB8C4 /* Project object */ = {
			isa = PBXProject;
			attributes = {
				BuildIndependentTargetsInParallel = 1;
				LastSwiftUpdateCheck = 1410;
				LastUpgradeCheck = 1410;
				TargetAttributes = {
					577EE4EF2933DF1600BCB8C4 = {
						CreatedOnToolsVersion = 14.1;
					};
				};
			};
			buildConfigurationList = 577EE4EB2933DF1600BCB8C4 /* Build configuration list for PBXProject "Ultima_Test" */;
			compatibilityVersion = "Xcode 14.0";
			developmentRegion = en;
			hasScannedForEncodings = 0;
			knownRegions = (
				en,
				Base,
			);
			mainGroup = 577EE4E72933DF1600BCB8C4;
			productRefGroup = 577EE4F12933DF1600BCB8C4 /* Products */;
			projectDirPath = "";
			projectRoot = "";
			targets = (
				577EE4EF2933DF1600BCB8C4 /* Ultima_Test */,
			);
		};
/* End PBXProject section */

/* Begin PBXResourcesBuildPhase section */
		577EE4EE2933DF1600BCB8C4 /* Resources */ = {
			isa = PBXResourcesBuildPhase;
			buildActionMask = 2147483647;
			files = (
				577EE4FB2933DF1800BCB8C4 /* Preview Assets.xcassets in Resources */,
				577EE4F82933DF1800BCB8C4 /* Assets.xcassets in Resources */,
			);
			runOnlyForDeploymentPostprocessing = 0;
		};
/* End PBXResourcesBuildPhase section */

/* Begin PBXSourcesBuildPhase section */
		577EE4EC2933DF1600BCB8C4 /* Sources */ = {
			isa = PBXSourcesBuildPhase;
			buildActionMask = 2147483647;
			files = (
				577EE51C29340A1900BCB8C4 /* MonEvolution3.swift in Sources */,
				577EE4FD2933DF1800BCB8C4 /* Persistence.swift in Sources */,
				577EE5182933FE0600BCB8C4 /* MonPartyImage.swift in Sources */,
				577EE50E2933EB8C00BCB8C4 /* DexSelector.swift in Sources */,
				577EE5072933E0EC00BCB8C4 /* HomeScreen.swift in Sources */,
				577EE50B2933E52800BCB8C4 /* DexSelectorButton.swift in Sources */,
				577EE4F62933DF1600BCB8C4 /* ContentView.swift in Sources */,
				577EE52029340F7500BCB8C4 /* IVCharts.swift in Sources */,
				577EE5142933F68000BCB8C4 /* MonImage.swift in Sources */,
				577EE4F42933DF1600BCB8C4 /* Ultima_TestApp.swift in Sources */,
				577EE5002933DF1800BCB8C4 /* Ultima_Test.xcdatamodeld in Sources */,
				577EE5122933F5AA00BCB8C4 /* MonDetail.swift in Sources */,
				577EE51E29340A3700BCB8C4 /* MonEvolution2.swift in Sources */,
				5752F1DB2934E6B900795481 /* DexView.swift in Sources */,
				5752F1D92934E14600795481 /* DexMonRow.swift in Sources */,
			);
			runOnlyForDeploymentPostprocessing = 0;
		};
/* End PBXSourcesBuildPhase section */

/* Begin XCBuildConfiguration section */
		577EE5012933DF1800BCB8C4 /* Debug */ = {
			isa = XCBuildConfiguration;
			buildSettings = {
				ALWAYS_SEARCH_USER_PATHS = NO;
				CLANG_ANALYZER_NONNULL = YES;
				CLANG_ANALYZER_NUMBER_OBJECT_CONVERSION = YES_AGGRESSIVE;
				CLANG_CXX_LANGUAGE_STANDARD = "gnu++20";
				CLANG_ENABLE_MODULES = YES;
				CLANG_ENABLE_OBJC_ARC = YES;
				CLANG_ENABLE_OBJC_WEAK = YES;
				CLANG_WARN_BLOCK_CAPTURE_AUTORELEASING = YES;
				CLANG_WARN_BOOL_CONVERSION = YES;
				CLANG_WARN_COMMA = YES;
				CLANG_WARN_CONSTANT_CONVERSION = YES;
				CLANG_WARN_DEPRECATED_OBJC_IMPLEMENTATIONS = YES;
				CLANG_WARN_DIRECT_OBJC_ISA_USAGE = YES_ERROR;
				CLANG_WARN_DOCUMENTATION_COMMENTS = YES;
				CLANG_WARN_EMPTY_BODY = YES;
				CLANG_WARN_ENUM_CONVERSION = YES;
				CLANG_WARN_INFINITE_RECURSION = YES;
				CLANG_WARN_INT_CONVERSION = YES;
				CLANG_WARN_NON_LITERAL_NULL_CONVERSION = YES;
				CLANG_WARN_OBJC_IMPLICIT_RETAIN_SELF = YES;
				CLANG_WARN_OBJC_LITERAL_CONVERSION = YES;
				CLANG_WARN_OBJC_ROOT_CLASS = YES_ERROR;
				CLANG_WARN_QUOTED_INCLUDE_IN_FRAMEWORK_HEADER = YES;
				CLANG_WARN_RANGE_LOOP_ANALYSIS = YES;
				CLANG_WARN_STRICT_PROTOTYPES = YES;
				CLANG_WARN_SUSPICIOUS_MOVE = YES;
				CLANG_WARN_UNGUARDED_AVAILABILITY = YES_AGGRESSIVE;
				CLANG_WARN_UNREACHABLE_CODE = YES;
				CLANG_WARN__DUPLICATE_METHOD_MATCH = YES;
				COPY_PHASE_STRIP = NO;
				DEBUG_INFORMATION_FORMAT = dwarf;
				ENABLE_STRICT_OBJC_MSGSEND = YES;
				ENABLE_TESTABILITY = YES;
				GCC_C_LANGUAGE_STANDARD = gnu11;
				GCC_DYNAMIC_NO_PIC = NO;
				GCC_NO_COMMON_BLOCKS = YES;
				GCC_OPTIMIZATION_LEVEL = 0;
				GCC_PREPROCESSOR_DEFINITIONS = (
					"DEBUG=1",
					"$(inherited)",
				);
				GCC_WARN_64_TO_32_BIT_CONVERSION = YES;
				GCC_WARN_ABOUT_RETURN_TYPE = YES_ERROR;
				GCC_WARN_UNDECLARED_SELECTOR = YES;
				GCC_WARN_UNINITIALIZED_AUTOS = YES_AGGRESSIVE;
				GCC_WARN_UNUSED_FUNCTION = YES;
				GCC_WARN_UNUSED_VARIABLE = YES;
				IPHONEOS_DEPLOYMENT_TARGET = 16.1;
				MTL_ENABLE_DEBUG_INFO = INCLUDE_SOURCE;
				MTL_FAST_MATH = YES;
				ONLY_ACTIVE_ARCH = YES;
				SDKROOT = iphoneos;
				SWIFT_ACTIVE_COMPILATION_CONDITIONS = DEBUG;
				SWIFT_OPTIMIZATION_LEVEL = "-Onone";
			};
			name = Debug;
		};
		577EE5022933DF1800BCB8C4 /* Release */ = {
			isa = XCBuildConfiguration;
			buildSettings = {
				ALWAYS_SEARCH_USER_PATHS = NO;
				CLANG_ANALYZER_NONNULL = YES;
				CLANG_ANALYZER_NUMBER_OBJECT_CONVERSION = YES_AGGRESSIVE;
				CLANG_CXX_LANGUAGE_STANDARD = "gnu++20";
				CLANG_ENABLE_MODULES = YES;
				CLANG_ENABLE_OBJC_ARC = YES;
				CLANG_ENABLE_OBJC_WEAK = YES;
				CLANG_WARN_BLOCK_CAPTURE_AUTORELEASING = YES;
				CLANG_WARN_BOOL_CONVERSION = YES;
				CLANG_WARN_COMMA = YES;
				CLANG_WARN_CONSTANT_CONVERSION = YES;
				CLANG_WARN_DEPRECATED_OBJC_IMPLEMENTATIONS = YES;
				CLANG_WARN_DIRECT_OBJC_ISA_USAGE = YES_ERROR;
				CLANG_WARN_DOCUMENTATION_COMMENTS = YES;
				CLANG_WARN_EMPTY_BODY = YES;
				CLANG_WARN_ENUM_CONVERSION = YES;
				CLANG_WARN_INFINITE_RECURSION = YES;
				CLANG_WARN_INT_CONVERSION = YES;
				CLANG_WARN_NON_LITERAL_NULL_CONVERSION = YES;
				CLANG_WARN_OBJC_IMPLICIT_RETAIN_SELF = YES;
				CLANG_WARN_OBJC_LITERAL_CONVERSION = YES;
				CLANG_WARN_OBJC_ROOT_CLASS = YES_ERROR;
				CLANG_WARN_QUOTED_INCLUDE_IN_FRAMEWORK_HEADER = YES;
				CLANG_WARN_RANGE_LOOP_ANALYSIS = YES;
				CLANG_WARN_STRICT_PROTOTYPES = YES;
				CLANG_WARN_SUSPICIOUS_MOVE = YES;
				CLANG_WARN_UNGUARDED_AVAILABILITY = YES_AGGRESSIVE;
				CLANG_WARN_UNREACHABLE_CODE = YES;
				CLANG_WARN__DUPLICATE_METHOD_MATCH = YES;
				COPY_PHASE_STRIP = NO;
				DEBUG_INFORMATION_FORMAT = "dwarf-with-dsym";
				ENABLE_NS_ASSERTIONS = NO;
				ENABLE_STRICT_OBJC_MSGSEND = YES;
				GCC_C_LANGUAGE_STANDARD = gnu11;
				GCC_NO_COMMON_BLOCKS = YES;
				GCC_WARN_64_TO_32_BIT_CONVERSION = YES;
				GCC_WARN_ABOUT_RETURN_TYPE = YES_ERROR;
				GCC_WARN_UNDECLARED_SELECTOR = YES;
				GCC_WARN_UNINITIALIZED_AUTOS = YES_AGGRESSIVE;
				GCC_WARN_UNUSED_FUNCTION = YES;
				GCC_WARN_UNUSED_VARIABLE = YES;
				IPHONEOS_DEPLOYMENT_TARGET = 16.1;
				MTL_ENABLE_DEBUG_INFO = NO;
				MTL_FAST_MATH = YES;
				SDKROOT = iphoneos;
				SWIFT_COMPILATION_MODE = wholemodule;
				SWIFT_OPTIMIZATION_LEVEL = "-O";
				VALIDATE_PRODUCT = YES;
			};
			name = Release;
		};
		577EE5042933DF1800BCB8C4 /* Debug */ = {
			isa = XCBuildConfiguration;
			buildSettings = {
				ASSETCATALOG_COMPILER_APPICON_NAME = AppIcon;
				ASSETCATALOG_COMPILER_GLOBAL_ACCENT_COLOR_NAME = AccentColor;
				CODE_SIGN_STYLE = Automatic;
				CURRENT_PROJECT_VERSION = 1;
				DEVELOPMENT_ASSET_PATHS = "\"Ultima_Test/Preview Content\"";
				DEVELOPMENT_TEAM = N58L5JYQBQ;
				ENABLE_PREVIEWS = YES;
				GENERATE_INFOPLIST_FILE = YES;
				INFOPLIST_KEY_CFBundleDisplayName = UltimaDex;
				INFOPLIST_KEY_LSApplicationCategoryType = "public.app-category.entertainment";
				INFOPLIST_KEY_UIApplicationSceneManifest_Generation = YES;
				INFOPLIST_KEY_UIApplicationSupportsIndirectInputEvents = YES;
				INFOPLIST_KEY_UILaunchScreen_Generation = YES;
				INFOPLIST_KEY_UISupportedInterfaceOrientations = UIInterfaceOrientationPortrait;
				INFOPLIST_KEY_UISupportedInterfaceOrientations_iPad = "UIInterfaceOrientationLandscapeLeft UIInterfaceOrientationLandscapeRight UIInterfaceOrientationPortrait UIInterfaceOrientationPortraitUpsideDown";
				IPHONEOS_DEPLOYMENT_TARGET = 16.0;
				LD_RUNPATH_SEARCH_PATHS = (
					"$(inherited)",
					"@executable_path/Frameworks",
				);
				MARKETING_VERSION = 1.0;
				PRODUCT_BUNDLE_IDENTIFIER = "ckapps.Ultima-Test";
				PRODUCT_NAME = "$(TARGET_NAME)";
				SWIFT_EMIT_LOC_STRINGS = YES;
				SWIFT_VERSION = 5.0;
				TARGETED_DEVICE_FAMILY = "1,2";
			};
			name = Debug;
		};
		577EE5052933DF1800BCB8C4 /* Release */ = {
			isa = XCBuildConfiguration;
			buildSettings = {
				ASSETCATALOG_COMPILER_APPICON_NAME = AppIcon;
				ASSETCATALOG_COMPILER_GLOBAL_ACCENT_COLOR_NAME = AccentColor;
				CODE_SIGN_STYLE = Automatic;
				CURRENT_PROJECT_VERSION = 1;
				DEVELOPMENT_ASSET_PATHS = "\"Ultima_Test/Preview Content\"";
				DEVELOPMENT_TEAM = N58L5JYQBQ;
				ENABLE_PREVIEWS = YES;
				GENERATE_INFOPLIST_FILE = YES;
				INFOPLIST_KEY_CFBundleDisplayName = UltimaDex;
				INFOPLIST_KEY_LSApplicationCategoryType = "public.app-category.entertainment";
				INFOPLIST_KEY_UIApplicationSceneManifest_Generation = YES;
				INFOPLIST_KEY_UIApplicationSupportsIndirectInputEvents = YES;
				INFOPLIST_KEY_UILaunchScreen_Generation = YES;
				INFOPLIST_KEY_UISupportedInterfaceOrientations = UIInterfaceOrientationPortrait;
				INFOPLIST_KEY_UISupportedInterfaceOrientations_iPad = "UIInterfaceOrientationLandscapeLeft UIInterfaceOrientationLandscapeRight UIInterfaceOrientationPortrait UIInterfaceOrientationPortraitUpsideDown";
				IPHONEOS_DEPLOYMENT_TARGET = 16.0;
				LD_RUNPATH_SEARCH_PATHS = (
					"$(inherited)",
					"@executable_path/Frameworks",
				);
				MARKETING_VERSION = 1.0;
				PRODUCT_BUNDLE_IDENTIFIER = "ckapps.Ultima-Test";
				PRODUCT_NAME = "$(TARGET_NAME)";
				SWIFT_EMIT_LOC_STRINGS = YES;
				SWIFT_VERSION = 5.0;
				TARGETED_DEVICE_FAMILY = "1,2";
			};
			name = Release;
		};
/* End XCBuildConfiguration section */

/* Begin XCConfigurationList section */
		577EE4EB2933DF1600BCB8C4 /* Build configuration list for PBXProject "Ultima_Test" */ = {
			isa = XCConfigurationList;
			buildConfigurations = (
				577EE5012933DF1800BCB8C4 /* Debug */,
				577EE5022933DF1800BCB8C4 /* Release */,
			);
			defaultConfigurationIsVisible = 0;
			defaultConfigurationName = Release;
		};
		577EE5032933DF1800BCB8C4 /* Build configuration list for PBXNativeTarget "Ultima_Test" */ = {
			isa = XCConfigurationList;
			buildConfigurations = (
				577EE5042933DF1800BCB8C4 /* Debug */,
				577EE5052933DF1800BCB8C4 /* Release */,
			);
			defaultConfigurationIsVisible = 0;
			defaultConfigurationName = Release;
		};
/* End XCConfigurationList section */

/* Begin XCVersionGroup section */
		577EE4FE2933DF1800BCB8C4 /* Ultima_Test.xcdatamodeld */ = {
			isa = XCVersionGroup;
			children = (
				577EE4FF2933DF1800BCB8C4 /* Ultima_Test.xcdatamodel */,
			);
			currentVersion = 577EE4FF2933DF1800BCB8C4 /* Ultima_Test.xcdatamodel */;
			path = Ultima_Test.xcdatamodeld;
			sourceTree = "<group>";
			versionGroupType = wrapper.xcdatamodel;
		};
/* End XCVersionGroup section */
	};
	rootObject = 577EE4E82933DF1600BCB8C4 /* Project object */;
}
